
Microsoft Visual Studio Solution File, Format Version 12.00
# Visual Studio Version 17
VisualStudioVersion = 17.2.32408.312
MinimumVisualStudioVersion = 10.0.40219.1
Project("{9A19103F-16F7-4668-BE54-9A1E7A4F7556}") = "vueprojectdemoapi", "vueprojectdemoapi\vueprojectdemoapi.csproj", "{D23576B7-0CA2-40EC-BF66-6E8746C4486B}"
EndProject
Project("{54A90642-561A-4BB1-A94E-469ADEE60C69}") = "vueprojectdemo", "vueprojectdemo\vueprojectdemo.esproj", "{972BD6EF-4CEB-40E0-BBFD-03B705F50007}"
EndProject
Global
	GlobalSection(SolutionConfigurationPlatforms) = preSolution
		Debug|Any CPU = Debug|Any CPU
		Release|Any CPU = Release|Any CPU
	EndGlobalSection
	GlobalSection(ProjectConfigurationPlatforms) = postSolution
		{D23576B7-0CA2-40EC-BF66-6E8746C4486B}.Debug|Any CPU.ActiveCfg = Debug|Any CPU
		{D23576B7-0CA2-40EC-BF66-6E8746C4486B}.Debug|Any CPU.Build.0 = Debug|Any CPU
		{D23576B7-0CA2-40EC-BF66-6E8746C4486B}.Release|Any CPU.ActiveCfg = Release|Any CPU
		{D23576B7-0CA2-40EC-BF66-6E8746C4486B}.Release|Any CPU.Build.0 = Release|Any CPU
		{972BD6EF-4CEB-40E0-BBFD-03B705F50007}.Debug|Any CPU.ActiveCfg = Debug|Any CPU
		{972BD6EF-4CEB-40E0-BBFD-03B705F50007}.Debug|Any CPU.Build.0 = Debug|Any CPU
		{972BD6EF-4CEB-40E0-BBFD-03B705F50007}.Debug|Any CPU.Deploy.0 = Debug|Any CPU
		{972BD6EF-4CEB-40E0-BBFD-03B705F50007}.Release|Any CPU.ActiveCfg = Release|Any CPU
		{972BD6EF-4CEB-40E0-BBFD-03B705F50007}.Release|Any CPU.Build.0 = Release|Any CPU
		{972BD6EF-4CEB-40E0-BBFD-03B705F50007}.Release|Any CPU.Deploy.0 = Release|Any CPU
	EndGlobalSection
	GlobalSection(SolutionProperties) = preSolution
		HideSolutionNode = FALSE
	EndGlobalSection
	GlobalSection(ExtensibilityGlobals) = postSolution
		SolutionGuid = {68EF3E23-DB3E-4FE8-B696-AB63F60C63A1}
	EndGlobalSection
EndGlobal
